
Microsoft Visual Studio Solution File, Format Version 12.00
# Visual Studio Version 17
VisualStudioVersion = 17.4.33110.190
MinimumVisualStudioVersion = 10.0.40219.1
Project("{FAE04EC0-301F-11D3-BF4B-00C04F79EFBC}") = "The_crypto_city", "The_crypto_city.csproj", "{FCCA8C5B-516D-48EA-B32B-F63D28D538F8}"
EndProject
Global
	GlobalSection(SolutionConfigurationPlatforms) = preSolution
		Debug|Any CPU = Debug|Any CPU
		Release|Any CPU = Release|Any CPU
	EndGlobalSection
	GlobalSection(ProjectConfigurationPlatforms) = postSolution
		{FCCA8C5B-516D-48EA-B32B-F63D28D538F8}.Debug|Any CPU.ActiveCfg = Debug|Any CPU
		{FCCA8C5B-516D-48EA-B32B-F63D28D538F8}.Debug|Any CPU.Build.0 = Debug|Any CPU
		{FCCA8C5B-516D-48EA-B32B-F63D28D538F8}.Release|Any CPU.ActiveCfg = Release|Any CPU
		{FCCA8C5B-516D-48EA-B32B-F63D28D538F8}.Release|Any CPU.Build.0 = Release|Any CPU
	EndGlobalSection
	GlobalSection(SolutionProperties) = preSolution
		HideSolutionNode = FALSE
	EndGlobalSection
	GlobalSection(ExtensibilityGlobals) = postSolution
		SolutionGuid = {2B6C431E-6586-43D1-937B-CFD7CAA26A2B}
	EndGlobalSection
EndGlobal
